{
  "version": 1,
  "dependencies": {
    ".NETnanoFramework,Version=v1.0": {
      "nanoFramework.CoreLibrary": {
        "type": "Direct",
        "requested": "[1.17.1, 1.17.1]",
        "resolved": "1.17.1",
        "contentHash": "T/iPvP8AeZs/5UeZgVa2cZVbl79ioeRyBJLzx4qvKbE9RE+984AR5WPY4tjGIdXugs1AFUYYnydvuGCpy+P1ww=="
      },
      "nanoFramework.Hardware.Esp32": {
        "type": "Direct",
        "requested": "[1.6.31, 1.6.31]",
        "resolved": "1.6.31",
        "contentHash": "JE0ZILxmYPl8u2mF7IB/ODoOCGbC876wW1+cAUUmLiYcEhg/Ed749kvy5lHBO37hIKr19A6VQ91eniZ+hLRDPg=="
      },
      "nanoFramework.Iot.Device.DhcpServer": {
        "type": "Direct",
        "requested": "[1.2.804, 1.2.804]",
        "resolved": "1.2.804",
        "contentHash": "8Kso9Pd5HZ8yF6bEVuBcPjQvXlAOcte2RMJ/hGAaLooDm+lep5oQtfurNbo4HZ+D9zoDubpE8zt4BeKkeLdvMw=="
      },
      "nanoFramework.Json": {
        "type": "Direct",
        "requested": "[2.2.183, 2.2.183]",
        "resolved": "2.2.183",
        "contentHash": "K3eSSuiaTXxHH2QwNSuFoMrxvFUnVocnn7ffCyLvXYcoiNGPSgGzJk4tBCCyXva9zoZeBQ8W0PYI99idulHhig=="
      },
      "nanoFramework.ResourceManager": {
        "type": "Direct",
        "requested": "[1.2.30, 1.2.30]",
        "resolved": "1.2.30",
        "contentHash": "eEUAfqmIJWlXqeJqKfnwCjr1gdG02xdZv9nYLXw4fAlbqHoM4oHNgdfA0QE5rJqIIZaKtmNHLnrIX7J4ikZUoA=="
      },
      "nanoFramework.Runtime.Events": {
        "type": "Direct",
        "requested": "[1.11.30, 1.11.30]",
        "resolved": "1.11.30",
        "contentHash": "uhLQLq/CRGCTvmJwbh2vXYVWyBl17jc1FBe3Fq1bKJM1+sO+GyhRRYCmezI7v72bRbQ7tpYZTcplJFs/qkAQSQ=="
      },
      "nanoFramework.Runtime.Native": {
        "type": "Direct",
        "requested": "[1.7.9, 1.7.9]",
        "resolved": "1.7.9",
        "contentHash": "ekjQ4lTNVZ5FNrgry6XV0e7ydOSvcDGuAnSaNQewiBQAfSbpTZx3njCwU5SU5wcO+tBqT4wP7K1LNtw7unaUkg=="
      },
      "nanoFramework.System.Collections": {
        "type": "Direct",
        "requested": "[1.5.62, 1.5.62]",
        "resolved": "1.5.62",
        "contentHash": "tqYYxVHnfJU+v4aOwtW5u6oI3DWYx+njaTa2gY3LXkcltHlaNCXD4c5q314Zb17isZiizKXIB+X9vJnwxw1oLA=="
      },
      "nanoFramework.System.Device.Gpio": {
        "type": "Direct",
        "requested": "[1.1.55, 1.1.55]",
        "resolved": "1.1.55",
        "contentHash": "0DddX0gxw/WrOVZijok0T1hBr0TBWkpQQkQNjQ8sV/JSWVelluoMkZiMPdxZt7C+U/wxF08buuIKsAbGZQ5xtg=="
      },
      "nanoFramework.System.Device.Spi": {
        "type": "Direct",
        "requested": "[1.3.77, 1.3.77]",
        "resolved": "1.3.77",
        "contentHash": "ylxBR08EciQoGjZWIu6XXgqDeSh7GJccpmaoBMgKt1oWs6Omixx0iWhGvJstPPGhS3Y3Xlr1gDZgJ8xj5fgjew=="
      },
      "nanoFramework.System.Device.Wifi": {
        "type": "Direct",
        "requested": "[1.5.123, 1.5.123]",
        "resolved": "1.5.123",
        "contentHash": "npsm+Ua94Oir6yUqnHKHVPouh8mgZRyo2h0havWx+QSt4ZdWbztGXNs27PK/oAc15PbuPkAiVNnmFWKJ155VYQ=="
      },
      "nanoFramework.System.IO.FileSystem": {
        "type": "Direct",
        "requested": "[1.1.80, 1.1.80]",
        "resolved": "1.1.80",
        "contentHash": "DQ7o0IDznDJLZ3CwWqIZdixaRDo7KxZktAyfHmD5PCAd1GiFNG6K0E/L6flBN4JypMT1Th+h29vEGyCQbwoGpg=="
      },
      "nanoFramework.System.IO.Ports": {
        "type": "Direct",
        "requested": "[1.1.123, 1.1.123]",
        "resolved": "1.1.123",
        "contentHash": "PwA3szwJDsteFexLFppHhuY+IbMRO+DzR7CSKvESJ0a+1YmIMfunrf/N65D+u1D8qdzNrVg4GXjW1Ff1r6kHYw=="
      },
      "nanoFramework.System.IO.Streams": {
        "type": "Direct",
        "requested": "[1.1.88, 1.1.88]",
        "resolved": "1.1.88",
        "contentHash": "rgtcjPuHZLGt4mEmGfCZNIiP+dwlNKoJRWRxjyFJG/W70djkBzRYgaXb3KEsLOHRwGu7+A0GfB5ERK5jELXATQ=="
      },
      "nanoFramework.System.Net": {
        "type": "Direct",
        "requested": "[1.11.32, 1.11.32]",
        "resolved": "1.11.32",
        "contentHash": "9QEXL2lzZoi0/2Jr3+dHMVetn3NeOSqbr1OJtUMTGYuufwr289A2X83JEg8RiKTEA56Q2mBIdMKIiJZHKCSBpA=="
      },
      "nanoFramework.System.Net.Http.Server": {
        "type": "Direct",
        "requested": "[1.5.183, 1.5.183]",
        "resolved": "1.5.183",
        "contentHash": "Axg23DkxDolAHvAKr48JTYhMcAy8oZeAcuP4jb63Xm2SObQZ6BWr2fZA6COLlnKUDijFOtnlH8l43h1jHOA/uA=="
      },
      "nanoFramework.System.Runtime": {
        "type": "Direct",
        "requested": "[1.0.28, 1.0.28]",
        "resolved": "1.0.28",
        "contentHash": "r4eWrf0zTmusgnEfGRWv8mJeOeuiq0eYo3wNRjoNgvzrkbxKYp26xZNsRnnMs2ZC9iC9nW/JBSB9cM8CDu5X0w=="
      },
      "nanoFramework.System.Text": {
        "type": "Direct",
        "requested": "[1.3.29, 1.3.29]",
        "resolved": "1.3.29",
        "contentHash": "h7Jbjd8vmNrro/co6s+Zth+OvStgvOiT3RQtlaqa2t6FmnLZGXkF7LAykjLqWeNfHTafGbBLkSMqHw2VHo4Dmg=="
      },
      "nanoFramework.System.Threading": {
        "type": "Direct",
        "requested": "[1.1.49, 1.1.49]",
        "resolved": "1.1.49",
        "contentHash": "5bEuDurXfTJiLKzDMqGJnG/IjvxJHOyBhuyQXoA+iRw4SD5ppRUDVaczK7Xl6UuPfVlxvA7vPzW/VTM769KxcA=="
      },
      "nanoFramework.WebServer.FileSystem": {
        "type": "Direct",
        "requested": "[1.2.105, 1.2.105]",
        "resolved": "1.2.105",
        "contentHash": "dRRfI59KRad+HwkDRE6/hnargDnMx1Zn2Mvcw8KPQBBX9TSx29sKVeHNyjCJQgntiI3LXOf6bMx+JZ7mCi9vNA=="
      }
    }
  }
}