{
  "version": 1,
  "dependencies": {
    ".NETnanoFramework,Version=v1.0": {
      "nanoFramework.CoreLibrary": {
        "type": "Direct",
        "requested": "[1.15.5, 1.15.5]",
        "resolved": "1.15.5",
        "contentHash": "u2+GvAp1uxLrGdILACAZy+EVKOs28EQ52j8Lz7599egXZ3GBGejjnR2ofhjMQwzrJLlgtyrsx8nSLngDfJNsAg=="
      },
      "nanoFramework.Hardware.Esp32": {
        "type": "Direct",
        "requested": "[1.6.23, 1.6.23]",
        "resolved": "1.6.23",
        "contentHash": "rgNByDk4jttssYlXAhDpgt0IWYoUNbyDSQjy7xV7tG+z8dTt7IjA5ehe42028Umwoe6ksHm8mRDfFsITotbNiA=="
      },
      "nanoFramework.Iot.Device.DhcpServer": {
        "type": "Direct",
        "requested": "[1.2.708, 1.2.708]",
        "resolved": "1.2.708",
        "contentHash": "9cs/OzSJoiFKX+brwt6uYjI1C0gktHI1GZiXS62yPSBkl4PdDRtTCI6HwVh88LcVah4s8VCJLKC9a/4NBpkjig=="
      },
      "nanoFramework.Json": {
        "type": "Direct",
        "requested": "[2.2.160, 2.2.160]",
        "resolved": "2.2.160",
        "contentHash": "+mXg7/6eqhtWrGnU/+Q4Z+1HHaO3lnidRpc9V9N83mnXfdl4xSiqP4IgjtkmkPamxQJ+0BbcppkeAX11/hfn9Q=="
      },
      "nanoFramework.ResourceManager": {
        "type": "Direct",
        "requested": "[1.2.19, 1.2.19]",
        "resolved": "1.2.19",
        "contentHash": "LogHT5t1yvy8aMz7zv3AUDgZQEkzn1sDFBGGan2ceSnoyO0S3CD6VbAmA6+na30cEAy6Xczj7B6wr6SVuA1GNQ=="
      },
      "nanoFramework.Runtime.Events": {
        "type": "Direct",
        "requested": "[1.11.18, 1.11.18]",
        "resolved": "1.11.18",
        "contentHash": "t0XpUkdyBBBv/0S4oGx3yUJG1iPYWc38odvZW8mVoioSxZOJrRkRHpNfwYxTxtP4LIEyyesOPEH42d05FHfHzA=="
      },
      "nanoFramework.Runtime.Native": {
        "type": "Direct",
        "requested": "[1.7.1, 1.7.1]",
        "resolved": "1.7.1",
        "contentHash": "RCiG3D+SxG4wVSBXuXP0y8EZWBd65bfJ9AJj0USNnfL65Aa+nUXmXa6QIxkeolSjDH4jLgKjlIuTXOA7t+AQGQ=="
      },
      "nanoFramework.System.Collections": {
        "type": "Direct",
        "requested": "[1.5.45, 1.5.45]",
        "resolved": "1.5.45",
        "contentHash": "dil6zTz67ACEboy5aWib+lcK+v5eOdvChow3UoZjPdH/fsHsHl26D6/OmQKp+KPVdi5/59WUM5InFB4F5FEQfQ=="
      },
      "nanoFramework.System.Device.Gpio": {
        "type": "Direct",
        "requested": "[1.1.41, 1.1.41]",
        "resolved": "1.1.41",
        "contentHash": "5QnpdfvjxOvka2S5IHSdKudWmkH+CDQ3TFFuXOGuNlgZJFsAx0/k5zuwgJYkxIyGbL8kdcjBWLyDNdihjA1pUg=="
      },
      "nanoFramework.System.Device.Spi": {
        "type": "Direct",
        "requested": "[1.3.52, 1.3.52]",
        "resolved": "1.3.52",
        "contentHash": "chtkrJp424LMitA6Fw/QzzhIrYL9PdEaln+A7o5QR99VijDoOILdMvgeeVBnIpkicUH7aY9Vj+3F2TlIGQH/+g=="
      },
      "nanoFramework.System.Device.Wifi": {
        "type": "Direct",
        "requested": "[1.5.105, 1.5.105]",
        "resolved": "1.5.105",
        "contentHash": "/AyX35SAtmime3YWDCVxB9GTZoDiBbFh+gONJER3skaQAf7ouaMdfqg3D/7T0arrNLuQ+lyjySr3LZXvsHRusw=="
      },
      "nanoFramework.System.IO.FileSystem": {
        "type": "Direct",
        "requested": "[1.1.69, 1.1.69]",
        "resolved": "1.1.69",
        "contentHash": "iuYGymz11Dlg6ebxGThhSBZErPyOgvNgBZSwCKGfZjsnEtFHnh0Gq8r/sl2TZoj4S/gm09bQNftwmP13/Rosaw=="
      },
      "nanoFramework.System.IO.Ports": {
        "type": "Direct",
        "requested": "[1.1.107, 1.1.107]",
        "resolved": "1.1.107",
        "contentHash": "9az3aIW4WnJkFuDNTvlswvaNMSaqiVlMXhIYcmMeNuu/xJpgdOWNCqyYH1ZSKD0/pa5lV27wwHbtvv93ikQZzQ=="
      },
      "nanoFramework.System.IO.Streams": {
        "type": "Direct",
        "requested": "[1.1.77, 1.1.77]",
        "resolved": "1.1.77",
        "contentHash": "zCEUBldDYkA1f02bdkz7VSLa/2NDRBtclS61ujcXs7IvfFcNF1qY2lLTCoPnznxAvJqPGoN49CbGbW9D4hJH3g=="
      },
      "nanoFramework.System.Net": {
        "type": "Direct",
        "requested": "[1.11.15, 1.11.15]",
        "resolved": "1.11.15",
        "contentHash": "DVpqt6h01ooItNupYb9B7S+jzZWPZpqv6mTbSvKNmjZ+C0hvn8nLVb45RZaAJnq10d/UP3QEFlDRq6HnJMZkoQ=="
      },
      "nanoFramework.System.Net.Http.Server": {
        "type": "Direct",
        "requested": "[1.5.162, 1.5.162]",
        "resolved": "1.5.162",
        "contentHash": "41p5EU1EoTbiXcOQxYS0SEy6JYuzw8BeKDBb0Hr7PmQ/hrCT3lYpEZ62oK0NBI8LWdGDBzFK+bsBFx3Y7YbReg=="
      },
      "nanoFramework.System.Runtime": {
        "type": "Direct",
        "requested": "[1.0.27, 1.0.27]",
        "resolved": "1.0.27",
        "contentHash": "aMwvQV6AR+XlDc+dHR/fWWnTe5dc7LDaqZS0ccfmd31Y39dZnmX3iQB2wXWtZGvXLCC+obc3IF3Vc70FiG0raw=="
      },
      "nanoFramework.System.Text": {
        "type": "Direct",
        "requested": "[1.3.1, 1.3.1]",
        "resolved": "1.3.1",
        "contentHash": "6BFCg7LUeN0Xx1R4QQF6HKDb3BnihtYY7X47IIkfFmsIurJbu643HyidhTxG/BwK4UYWRMC/Io4s/KdsLs6WlA=="
      },
      "nanoFramework.System.Threading": {
        "type": "Direct",
        "requested": "[1.1.32, 1.1.32]",
        "resolved": "1.1.32",
        "contentHash": "6o7Y4gH15FLuo2FWGLecABiCD57V5QMf5g/hEneV64VmhoXI8Bk7r6BDBPTfAePs738xbc1ECpA5dJmbSmtilg=="
      },
      "nanoFramework.WebServer.FileSystem": {
        "type": "Direct",
        "requested": "[1.2.74, 1.2.74]",
        "resolved": "1.2.74",
        "contentHash": "oPNKzYyCL3GeqxcsRjuEs5AAHZXsTYjHMA4/AnY8DnkNl24PHRxUfj6EP74Nw6Ce88hlpwpCThb6ejVuHwAwww=="
      }
    }
  }
}