{
  "version": 1,
  "dependencies": {
    ".NETnanoFramework,Version=v1.0": {
      "nanoFramework.CoreLibrary": {
        "type": "Direct",
        "requested": "[1.17.1, 1.17.1]",
        "resolved": "1.17.1",
        "contentHash": "T/iPvP8AeZs/5UeZgVa2cZVbl79ioeRyBJLzx4qvKbE9RE+984AR5WPY4tjGIdXugs1AFUYYnydvuGCpy+P1ww=="
      },
      "nanoFramework.Hardware.Esp32": {
        "type": "Direct",
        "requested": "[1.6.31, 1.6.31]",
        "resolved": "1.6.31",
        "contentHash": "JE0ZILxmYPl8u2mF7IB/ODoOCGbC876wW1+cAUUmLiYcEhg/Ed749kvy5lHBO37hIKr19A6VQ91eniZ+hLRDPg=="
      },
      "nanoFramework.Iot.Device.DhcpServer": {
        "type": "Direct",
        "requested": "[1.2.793, 1.2.793]",
        "resolved": "1.2.793",
        "contentHash": "iQS6CTYIMi3OYV67nCu2skrL02rpt1CVPuIHmNNnU54atBK0pUeErdlt5oVBg0tl6Z7Dm2TfAjAtOnTj6rKspA=="
      },
      "nanoFramework.Json": {
        "type": "Direct",
        "requested": "[2.2.183, 2.2.183]",
        "resolved": "2.2.183",
        "contentHash": "K3eSSuiaTXxHH2QwNSuFoMrxvFUnVocnn7ffCyLvXYcoiNGPSgGzJk4tBCCyXva9zoZeBQ8W0PYI99idulHhig=="
      },
      "nanoFramework.ResourceManager": {
        "type": "Direct",
        "requested": "[1.2.30, 1.2.30]",
        "resolved": "1.2.30",
        "contentHash": "eEUAfqmIJWlXqeJqKfnwCjr1gdG02xdZv9nYLXw4fAlbqHoM4oHNgdfA0QE5rJqIIZaKtmNHLnrIX7J4ikZUoA=="
      },
      "nanoFramework.Runtime.Events": {
        "type": "Direct",
        "requested": "[1.11.30, 1.11.30]",
        "resolved": "1.11.30",
        "contentHash": "uhLQLq/CRGCTvmJwbh2vXYVWyBl17jc1FBe3Fq1bKJM1+sO+GyhRRYCmezI7v72bRbQ7tpYZTcplJFs/qkAQSQ=="
      },
      "nanoFramework.Runtime.Native": {
        "type": "Direct",
        "requested": "[1.7.9, 1.7.9]",
        "resolved": "1.7.9",
        "contentHash": "ekjQ4lTNVZ5FNrgry6XV0e7ydOSvcDGuAnSaNQewiBQAfSbpTZx3njCwU5SU5wcO+tBqT4wP7K1LNtw7unaUkg=="
      },
      "nanoFramework.System.Collections": {
        "type": "Direct",
        "requested": "[1.5.62, 1.5.62]",
        "resolved": "1.5.62",
        "contentHash": "tqYYxVHnfJU+v4aOwtW5u6oI3DWYx+njaTa2gY3LXkcltHlaNCXD4c5q314Zb17isZiizKXIB+X9vJnwxw1oLA=="
      },
      "nanoFramework.System.Device.Gpio": {
        "type": "Direct",
        "requested": "[1.1.55, 1.1.55]",
        "resolved": "1.1.55",
        "contentHash": "0DddX0gxw/WrOVZijok0T1hBr0TBWkpQQkQNjQ8sV/JSWVelluoMkZiMPdxZt7C+U/wxF08buuIKsAbGZQ5xtg=="
      },
      "nanoFramework.System.Device.Spi": {
        "type": "Direct",
        "requested": "[1.3.77, 1.3.77]",
        "resolved": "1.3.77",
        "contentHash": "ylxBR08EciQoGjZWIu6XXgqDeSh7GJccpmaoBMgKt1oWs6Omixx0iWhGvJstPPGhS3Y3Xlr1gDZgJ8xj5fgjew=="
      },
      "nanoFramework.System.Device.Wifi": {
        "type": "Direct",
        "requested": "[1.5.115, 1.5.115]",
        "resolved": "1.5.115",
        "contentHash": "1+xYNw9G/ir3vhTUh6mZuMFdp57hUzSRjr640d9x3qz/kxdK0Nqaa8HLPNvh6uCpSmpKExxag/23B6/L8SxVDA=="
      },
      "nanoFramework.System.IO.FileSystem": {
        "type": "Direct",
        "requested": "[1.1.80, 1.1.80]",
        "resolved": "1.1.80",
        "contentHash": "DQ7o0IDznDJLZ3CwWqIZdixaRDo7KxZktAyfHmD5PCAd1GiFNG6K0E/L6flBN4JypMT1Th+h29vEGyCQbwoGpg=="
      },
      "nanoFramework.System.IO.Ports": {
        "type": "Direct",
        "requested": "[1.1.123, 1.1.123]",
        "resolved": "1.1.123",
        "contentHash": "PwA3szwJDsteFexLFppHhuY+IbMRO+DzR7CSKvESJ0a+1YmIMfunrf/N65D+u1D8qdzNrVg4GXjW1Ff1r6kHYw=="
      },
      "nanoFramework.System.IO.Streams": {
        "type": "Direct",
        "requested": "[1.1.88, 1.1.88]",
        "resolved": "1.1.88",
        "contentHash": "rgtcjPuHZLGt4mEmGfCZNIiP+dwlNKoJRWRxjyFJG/W70djkBzRYgaXb3KEsLOHRwGu7+A0GfB5ERK5jELXATQ=="
      },
      "nanoFramework.System.Net": {
        "type": "Direct",
        "requested": "[1.11.31, 1.11.31]",
        "resolved": "1.11.31",
        "contentHash": "6BaH2cniPCAlW5v/nhY+PqqTB+nzzwjcnaWh96oY9oxk+I1loMVc4UBrbCWxOjuZhGRwWZnZThWK1n263nj7Bw=="
      },
      "nanoFramework.System.Net.Http.Server": {
        "type": "Direct",
        "requested": "[1.5.181, 1.5.181]",
        "resolved": "1.5.181",
        "contentHash": "XCTVUg0Fi6LJxAi1Wt2GkRrLGaiW2197c1jv5P64aPeTurl9lllDOdzyHesexX0+4FlX909NyGaLfQMlVfd4WA=="
      },
      "nanoFramework.System.Runtime": {
        "type": "Direct",
        "requested": "[1.0.28, 1.0.28]",
        "resolved": "1.0.28",
        "contentHash": "r4eWrf0zTmusgnEfGRWv8mJeOeuiq0eYo3wNRjoNgvzrkbxKYp26xZNsRnnMs2ZC9iC9nW/JBSB9cM8CDu5X0w=="
      },
      "nanoFramework.System.Text": {
        "type": "Direct",
        "requested": "[1.3.29, 1.3.29]",
        "resolved": "1.3.29",
        "contentHash": "h7Jbjd8vmNrro/co6s+Zth+OvStgvOiT3RQtlaqa2t6FmnLZGXkF7LAykjLqWeNfHTafGbBLkSMqHw2VHo4Dmg=="
      },
      "nanoFramework.System.Threading": {
        "type": "Direct",
        "requested": "[1.1.49, 1.1.49]",
        "resolved": "1.1.49",
        "contentHash": "5bEuDurXfTJiLKzDMqGJnG/IjvxJHOyBhuyQXoA+iRw4SD5ppRUDVaczK7Xl6UuPfVlxvA7vPzW/VTM769KxcA=="
      },
      "nanoFramework.WebServer.FileSystem": {
        "type": "Direct",
        "requested": "[1.2.101, 1.2.101]",
        "resolved": "1.2.101",
        "contentHash": "SkrSpTOAy7l4f8rIv0YYxhFqZxs+Q4LhGztERXCCpHpl2FZgceBaE1FWhB0hGX4GBNyvObiq9emfqJJEBrbUqQ=="
      }
    }
  }
}